name: update lazy-lock.json 
on:
  workflow_dispatch:
    inputs:
      # Input name (label visible to the user)
      message: 
        description: 'Please enter the purpose or a note for this manual run.' # Required. The description displayed in the UI.
        required: false # Do not make input mandatory (setting to true makes it mandatory)
        type: string    # Specify the type of input value (string, choice, boolean, environment)
        default: 'Manual Run' # Default value
  schedule:
    # Runs daily at UTC 15:00 (JST 0:00)
    - cron: '0 15 * * *'

jobs:
  udpate-lockfile:
    runs-on: ubuntu-latest
    container:
      image: ghcr.io/${{ github.repository }}:latest

    steps:
      - uses: actions/checkout@34e114876b0b11c390a56381ad16ebd13914f8d5 # v4.3.1

      - name: cache neovim plugins
        uses: actions/cache@0057852bfaa89a56745cba8c7296529d2fc39830 # v4.3.0
        with:
          path: "~/.local/share/nvim/lazy"
          key: ${{ runner.os }}-neovim-${{ hashFiles('**/lazy-lock.json') }}
          restore-keys: |
            ${{ runner.os }}-neovim-

      - name: setup config files 
        run: |
          mkdir "$HOME/.config"
          ln -s "$PWD/nvim" "$HOME/.config/nvim"

      - name: install plugins
        run: |
          TS_OFF=1 USER=aki "$NVIM_EXEC_PATH"  --headless +qa

      - name: update plugins
        run: |
          TS_OFF=1 USER=aki "$NVIM_EXEC_PATH"  --headless "+Lazy! sync" +qa

      - name: show lazy-lock.json  
        run: |
          cat nvim/lazy-lock.json

      - name: test nvim after plugins updates 
        run: |
          TS_OFF=1 USER=aki "$NVIM_EXEC_PATH"  --headless +qa

      - name:  Create PR 
        id: meta
        run: |
          {
            echo "date=$(TZ=Asia/Tokyo date +%Y-%m-%d-%H-%M)"
          } >> $GITHUB_OUTPUT

      - uses: peter-evans/create-pull-request@271a8d0340265f705b14b6d32b9829c1cb33d45e # v7.0.8
        with:
          title: "update(plugins): update nvim plugins ${{ steps.meta.outputs.date }}"
          commit-message: "update(plugins): update nvim plugins at ${{ steps.meta.outputs.date }}"
          branch: "update-nvim-plugin-at-${{ steps.meta.outputs.date }}"
          add-paths: |
            nvim/lazy-lock.json
